
Microsoft Visual Studio Solution File, Format Version 11.00
# Visual Studio 2010
Project("{FAE04EC0-301F-11D3-BF4B-00C04F79EFBC}") = "Assembly-CSharp", "Assembly-CSharp.csproj", "{d8791230-adea-23d8-de88-0696147dcdb3}"
EndProject
Project("{FAE04EC0-301F-11D3-BF4B-00C04F79EFBC}") = "Assembly-CSharp-Editor-firstpass", "Assembly-CSharp-Editor-firstpass.csproj", "{cefefec8-cc6d-c3cb-d640-8ba9245c454a}"
EndProject
Global
	GlobalSection(SolutionConfigurationPlatforms) = preSolution
		Debug|Any CPU = Debug|Any CPU
	EndGlobalSection
	GlobalSection(ProjectConfigurationPlatforms) = postSolution
		{d8791230-adea-23d8-de88-0696147dcdb3}.Debug|Any CPU.ActiveCfg = Debug|Any CPU
		{d8791230-adea-23d8-de88-0696147dcdb3}.Debug|Any CPU.Build.0 = Debug|Any CPU
		{cefefec8-cc6d-c3cb-d640-8ba9245c454a}.Debug|Any CPU.ActiveCfg = Debug|Any CPU
		{cefefec8-cc6d-c3cb-d640-8ba9245c454a}.Debug|Any CPU.Build.0 = Debug|Any CPU
	EndGlobalSection
	GlobalSection(SolutionProperties) = preSolution
		HideSolutionNode = FALSE
	EndGlobalSection
EndGlobal
